
Microsoft Visual Studio Solution File, Format Version 12.00
# Visual Studio Version 16
VisualStudioVersion = 16.0.31205.134
MinimumVisualStudioVersion = 10.0.40219.1
Project("{9A19103F-16F7-4668-BE54-9A1E7A4F7556}") = "RPGVideoGameAPI", "RPGVideoGameAPI\RPGVideoGameAPI.csproj", "{ADDCE7B3-3AC4-40B0-8023-FFB4D808D1EE}"
EndProject
Project("{9A19103F-16F7-4668-BE54-9A1E7A4F7556}") = "RPGVideoGameLibrary", "RPGVideoGameLibrary\RPGVideoGameLibrary.csproj", "{267DC152-C89B-4295-8BBC-1B0DE4F56456}"
EndProject
Project("{FAE04EC0-301F-11D3-BF4B-00C04F79EFBC}") = "RPGVideoGame.xTest", "RPGVideoGame.xTest\RPGVideoGame.xTest.csproj", "{F6837D61-D645-45AE-99A1-FDAF03315B53}"
EndProject
Global
	GlobalSection(SolutionConfigurationPlatforms) = preSolution
		Debug|Any CPU = Debug|Any CPU
		Release|Any CPU = Release|Any CPU
	EndGlobalSection
	GlobalSection(ProjectConfigurationPlatforms) = postSolution
		{ADDCE7B3-3AC4-40B0-8023-FFB4D808D1EE}.Debug|Any CPU.ActiveCfg = Debug|Any CPU
		{ADDCE7B3-3AC4-40B0-8023-FFB4D808D1EE}.Debug|Any CPU.Build.0 = Debug|Any CPU
		{ADDCE7B3-3AC4-40B0-8023-FFB4D808D1EE}.Release|Any CPU.ActiveCfg = Release|Any CPU
		{ADDCE7B3-3AC4-40B0-8023-FFB4D808D1EE}.Release|Any CPU.Build.0 = Release|Any CPU
		{267DC152-C89B-4295-8BBC-1B0DE4F56456}.Debug|Any CPU.ActiveCfg = Debug|Any CPU
		{267DC152-C89B-4295-8BBC-1B0DE4F56456}.Debug|Any CPU.Build.0 = Debug|Any CPU
		{267DC152-C89B-4295-8BBC-1B0DE4F56456}.Release|Any CPU.ActiveCfg = Release|Any CPU
		{267DC152-C89B-4295-8BBC-1B0DE4F56456}.Release|Any CPU.Build.0 = Release|Any CPU
		{F6837D61-D645-45AE-99A1-FDAF03315B53}.Debug|Any CPU.ActiveCfg = Debug|Any CPU
		{F6837D61-D645-45AE-99A1-FDAF03315B53}.Debug|Any CPU.Build.0 = Debug|Any CPU
		{F6837D61-D645-45AE-99A1-FDAF03315B53}.Release|Any CPU.ActiveCfg = Release|Any CPU
		{F6837D61-D645-45AE-99A1-FDAF03315B53}.Release|Any CPU.Build.0 = Release|Any CPU
	EndGlobalSection
	GlobalSection(SolutionProperties) = preSolution
		HideSolutionNode = FALSE
	EndGlobalSection
	GlobalSection(ExtensibilityGlobals) = postSolution
		SolutionGuid = {26A84296-826A-449B-B97C-AECFF3B96638}
	EndGlobalSection
EndGlobal
